
Microsoft Visual Studio Solution File, Format Version 12.00
# Visual Studio 2012
Project("{8BC9CEB8-8B4A-11D0-8D11-00A0C91BC942}") = "AliveDLL", "AliveDLL\AliveDLL.vcxproj", "{81616477-86D8-4483-8B79-2D2E89039867}"
EndProject
Global
	GlobalSection(SolutionConfigurationPlatforms) = preSolution
		Debug|Win32 = Debug|Win32
		Release|Win32 = Release|Win32
	EndGlobalSection
	GlobalSection(ProjectConfigurationPlatforms) = postSolution
		{81616477-86D8-4483-8B79-2D2E89039867}.Debug|Win32.ActiveCfg = Debug|Win32
		{81616477-86D8-4483-8B79-2D2E89039867}.Debug|Win32.Build.0 = Debug|Win32
		{81616477-86D8-4483-8B79-2D2E89039867}.Release|Win32.ActiveCfg = Release|Win32
		{81616477-86D8-4483-8B79-2D2E89039867}.Release|Win32.Build.0 = Release|Win32
	EndGlobalSection
	GlobalSection(SolutionProperties) = preSolution
		HideSolutionNode = FALSE
	EndGlobalSection
EndGlobal
